
Microsoft Visual Studio Solution File, Format Version 12.00
# Visual Studio Version 16
VisualStudioVersion = 16.0.31005.135
MinimumVisualStudioVersion = 10.0.40219.1
Project("{FAE04EC0-301F-11D3-BF4B-00C04F79EFBC}") = "Sigendenavn", "Sigendenavn.csproj", "{C3D88BC7-A62A-461C-B6D5-318DB7B69B55}"
EndProject
Global
	GlobalSection(SolutionConfigurationPlatforms) = preSolution
		Debug|Any CPU = Debug|Any CPU
		Release|Any CPU = Release|Any CPU
	EndGlobalSection
	GlobalSection(ProjectConfigurationPlatforms) = postSolution
		{C3D88BC7-A62A-461C-B6D5-318DB7B69B55}.Debug|Any CPU.ActiveCfg = Debug|Any CPU
		{C3D88BC7-A62A-461C-B6D5-318DB7B69B55}.Debug|Any CPU.Build.0 = Debug|Any CPU
		{C3D88BC7-A62A-461C-B6D5-318DB7B69B55}.Release|Any CPU.ActiveCfg = Release|Any CPU
		{C3D88BC7-A62A-461C-B6D5-318DB7B69B55}.Release|Any CPU.Build.0 = Release|Any CPU
	EndGlobalSection
	GlobalSection(SolutionProperties) = preSolution
		HideSolutionNode = FALSE
	EndGlobalSection
	GlobalSection(ExtensibilityGlobals) = postSolution
		SolutionGuid = {013085B5-D383-480F-AA1B-FB646E8673BF}
	EndGlobalSection
EndGlobal
